
Microsoft Visual Studio Solution File, Format Version 12.00
# Visual Studio Version 17
VisualStudioVersion = 17.7.34031.279
MinimumVisualStudioVersion = 10.0.40219.1
Project("{FAE04EC0-301F-11D3-BF4B-00C04F79EFBC}") = "kendal", "kendal\kendal.csproj", "{F4E9D42F-53E7-4971-BD6A-F050A73FB051}"
EndProject
Global
	GlobalSection(SolutionConfigurationPlatforms) = preSolution
		Debug|Any CPU = Debug|Any CPU
		Release|Any CPU = Release|Any CPU
	EndGlobalSection
	GlobalSection(ProjectConfigurationPlatforms) = postSolution
		{F4E9D42F-53E7-4971-BD6A-F050A73FB051}.Debug|Any CPU.ActiveCfg = Debug|Any CPU
		{F4E9D42F-53E7-4971-BD6A-F050A73FB051}.Debug|Any CPU.Build.0 = Debug|Any CPU
		{F4E9D42F-53E7-4971-BD6A-F050A73FB051}.Release|Any CPU.ActiveCfg = Release|Any CPU
		{F4E9D42F-53E7-4971-BD6A-F050A73FB051}.Release|Any CPU.Build.0 = Release|Any CPU
	EndGlobalSection
	GlobalSection(SolutionProperties) = preSolution
		HideSolutionNode = FALSE
	EndGlobalSection
	GlobalSection(ExtensibilityGlobals) = postSolution
		SolutionGuid = {8AEB3722-BA6C-44FA-A5F8-D983BAD9D0A6}
	EndGlobalSection
EndGlobal
